// !$*UTF8*$!
{
	archiveVersion = 1;
	classes = {
	};
	objectVersion = 77;
	objects = {

/* Begin PBXBuildFile section */
		851F248F2D6E8C9500A08134 /* WidgetKit.framework in Frameworks */ = {isa = PBXBuildFile; fileRef = 851F248E2D6E8C9500A08134 /* WidgetKit.framework */; };
		851F24912D6E8C9500A08134 /* SwiftUI.framework in Frameworks */ = {isa = PBXBuildFile; fileRef = 851F24902D6E8C9500A08134 /* SwiftUI.framework */; };
		851F24A22D6E8C9600A08134 /* TwoCentsWidgetExtension.appex in Embed Foundation Extensions */ = {isa = PBXBuildFile; fileRef = 851F248C2D6E8C9500A08134 /* TwoCentsWidgetExtension.appex */; settings = {ATTRIBUTES = (RemoveHeadersOnCopy, ); }; };
		85CF0BC42D7E29D700609032 /* FirebaseAuth in Frameworks */ = {isa = PBXBuildFile; productRef = 85CF0BC32D7E29D700609032 /* FirebaseAuth */; };
		85CF0BC62D7E29DC00609032 /* FirebaseCore in Frameworks */ = {isa = PBXBuildFile; productRef = 85CF0BC52D7E29DC00609032 /* FirebaseCore */; };
		A2E409462D6F8B8A00E26D73 /* FirebaseAuth in Frameworks */ = {isa = PBXBuildFile; productRef = A2E409452D6F8B8A00E26D73 /* FirebaseAuth */; };
		A2E409482D6F8BC700E26D73 /* FirebaseCore in Frameworks */ = {isa = PBXBuildFile; productRef = A2E409472D6F8BC700E26D73 /* FirebaseCore */; };
		ABF6A69F2D7D34C00076DDD6 /* Share.appex in Embed Foundation Extensions */ = {isa = PBXBuildFile; fileRef = ABF6A6952D7D34C00076DDD6 /* Share.appex */; settings = {ATTRIBUTES = (RemoveHeadersOnCopy, ); }; };
		ABF6A6AA2D7E03D40076DDD6 /* CropViewController in Frameworks */ = {isa = PBXBuildFile; productRef = ABF6A6A92D7E03D40076DDD6 /* CropViewController */; };
		ABF6A6AC2D7E03D40076DDD6 /* TOCropViewController in Frameworks */ = {isa = PBXBuildFile; productRef = ABF6A6AB2D7E03D40076DDD6 /* TOCropViewController */; };
/* End PBXBuildFile section */

/* Begin PBXContainerItemProxy section */
		851F24A02D6E8C9600A08134 /* PBXContainerItemProxy */ = {
			isa = PBXContainerItemProxy;
			containerPortal = A2E84B302D6D2C15007B44F7 /* Project object */;
			proxyType = 1;
			remoteGlobalIDString = 851F248B2D6E8C9500A08134;
			remoteInfo = TwoCentsWidgetExtension;
		};
		A2E84B492D6D2C18007B44F7 /* PBXContainerItemProxy */ = {
			isa = PBXContainerItemProxy;
			containerPortal = A2E84B302D6D2C15007B44F7 /* Project object */;
			proxyType = 1;
			remoteGlobalIDString = A2E84B372D6D2C15007B44F7;
			remoteInfo = TwoCents;
		};
		A2E84B532D6D2C18007B44F7 /* PBXContainerItemProxy */ = {
			isa = PBXContainerItemProxy;
			containerPortal = A2E84B302D6D2C15007B44F7 /* Project object */;
			proxyType = 1;
			remoteGlobalIDString = A2E84B372D6D2C15007B44F7;
			remoteInfo = TwoCents;
		};
		ABF6A69D2D7D34C00076DDD6 /* PBXContainerItemProxy */ = {
			isa = PBXContainerItemProxy;
			containerPortal = A2E84B302D6D2C15007B44F7 /* Project object */;
			proxyType = 1;
			remoteGlobalIDString = ABF6A6942D7D34C00076DDD6;
			remoteInfo = Share;
		};
/* End PBXContainerItemProxy section */

/* Begin PBXCopyFilesBuildPhase section */
		851F24A72D6E8C9600A08134 /* Embed Foundation Extensions */ = {
			isa = PBXCopyFilesBuildPhase;
			buildActionMask = 2147483647;
			dstPath = "";
			dstSubfolderSpec = 13;
			files = (
				ABF6A69F2D7D34C00076DDD6 /* Share.appex in Embed Foundation Extensions */,
				851F24A22D6E8C9600A08134 /* TwoCentsWidgetExtension.appex in Embed Foundation Extensions */,
			);
			name = "Embed Foundation Extensions";
			runOnlyForDeploymentPostprocessing = 0;
		};
/* End PBXCopyFilesBuildPhase section */

/* Begin PBXFileReference section */
		851F248C2D6E8C9500A08134 /* TwoCentsWidgetExtension.appex */ = {isa = PBXFileReference; explicitFileType = "wrapper.app-extension"; includeInIndex = 0; path = TwoCentsWidgetExtension.appex; sourceTree = BUILT_PRODUCTS_DIR; };
		851F248E2D6E8C9500A08134 /* WidgetKit.framework */ = {isa = PBXFileReference; lastKnownFileType = wrapper.framework; name = WidgetKit.framework; path = System/Library/Frameworks/WidgetKit.framework; sourceTree = SDKROOT; };
		851F24902D6E8C9500A08134 /* SwiftUI.framework */ = {isa = PBXFileReference; lastKnownFileType = wrapper.framework; name = SwiftUI.framework; path = System/Library/Frameworks/SwiftUI.framework; sourceTree = SDKROOT; };
		855E2EC02D6D419900D79068 /* TwoCents.xcodeproj */ = {isa = PBXFileReference; lastKnownFileType = "wrapper.pb-project"; path = TwoCents.xcodeproj; sourceTree = "<group>"; };
		857AC9592D6D2D4500F58F09 /* TwoCents.xcodeproj */ = {isa = PBXFileReference; lastKnownFileType = "wrapper.pb-project"; path = TwoCents.xcodeproj; sourceTree = "<group>"; };
		A2E84B382D6D2C15007B44F7 /* TwoCents.app */ = {isa = PBXFileReference; explicitFileType = wrapper.application; includeInIndex = 0; path = TwoCents.app; sourceTree = BUILT_PRODUCTS_DIR; };
		A2E84B482D6D2C18007B44F7 /* TwoCentsTests.xctest */ = {isa = PBXFileReference; explicitFileType = wrapper.cfbundle; includeInIndex = 0; path = TwoCentsTests.xctest; sourceTree = BUILT_PRODUCTS_DIR; };
		A2E84B522D6D2C18007B44F7 /* TwoCentsUITests.xctest */ = {isa = PBXFileReference; explicitFileType = wrapper.cfbundle; includeInIndex = 0; path = TwoCentsUITests.xctest; sourceTree = BUILT_PRODUCTS_DIR; };
		ABF6A6952D7D34C00076DDD6 /* Share.appex */ = {isa = PBXFileReference; explicitFileType = "wrapper.app-extension"; includeInIndex = 0; path = Share.appex; sourceTree = BUILT_PRODUCTS_DIR; };
/* End PBXFileReference section */

/* Begin PBXFileSystemSynchronizedBuildFileExceptionSet section */
		8515AD662D72608700A76B97 /* Exceptions for "TwoCents" folder in "TwoCents" target */ = {
			isa = PBXFileSystemSynchronizedBuildFileExceptionSet;
			membershipExceptions = (
				Info.plist,
			);
			target = A2E84B372D6D2C15007B44F7 /* TwoCents */;
		};
		8515AFC02D7E15C400A76B97 /* Exceptions for "TwoCents" folder in "TwoCentsWidgetExtension" target */ = {
			isa = PBXFileSystemSynchronizedBuildFileExceptionSet;
			membershipExceptions = (
				Core/API/API.swift,
				Core/API/CachedImage.swift,
				Core/API/CachedVideo.swift,
				Core/Auth/AuthenticationManager.swift,
				Core/Group/FriendGroup.swift,
				Core/Post/Media/Image.swift,
				Core/Post/Media/Link.swift,
				Core/Post/Media/Text.swift,
				Core/Post/Media/Video.swift,
				Core/Post/Post.swift,
				Core/Post/PostManager.swift,
				Core/User/User.swift,
			);
			target = 851F248B2D6E8C9500A08134 /* TwoCentsWidgetExtension */;
		};
		851F24A32D6E8C9600A08134 /* Exceptions for "TwoCentsWidget" folder in "TwoCentsWidgetExtension" target */ = {
			isa = PBXFileSystemSynchronizedBuildFileExceptionSet;
			membershipExceptions = (
				Info.plist,
			);
			target = 851F248B2D6E8C9500A08134 /* TwoCentsWidgetExtension */;
		};
		ABF6A6A32D7D34C00076DDD6 /* Exceptions for "Share" folder in "Share" target */ = {
			isa = PBXFileSystemSynchronizedBuildFileExceptionSet;
			membershipExceptions = (
				Info.plist,
			);
			target = ABF6A6942D7D34C00076DDD6 /* Share */;
		};
/* End PBXFileSystemSynchronizedBuildFileExceptionSet section */

/* Begin PBXFileSystemSynchronizedRootGroup section */
		851F24922D6E8C9500A08134 /* TwoCentsWidget */ = {
			isa = PBXFileSystemSynchronizedRootGroup;
			exceptions = (
				851F24A32D6E8C9600A08134 /* Exceptions for "TwoCentsWidget" folder in "TwoCentsWidgetExtension" target */,
			);
			path = TwoCentsWidget;
			sourceTree = "<group>";
		};
		A2E84B4B2D6D2C18007B44F7 /* TwoCentsTests */ = {
			isa = PBXFileSystemSynchronizedRootGroup;
			path = TwoCentsTests;
			sourceTree = "<group>";
		};
		A2E84B552D6D2C18007B44F7 /* TwoCentsUITests */ = {
			isa = PBXFileSystemSynchronizedRootGroup;
			path = TwoCentsUITests;
			sourceTree = "<group>";
		};
		A2E84B7A2D6D2CEF007B44F7 /* TwoCents */ = {
			isa = PBXFileSystemSynchronizedRootGroup;
			exceptions = (
				8515AD662D72608700A76B97 /* Exceptions for "TwoCents" folder in "TwoCents" target */,
				8515AFC02D7E15C400A76B97 /* Exceptions for "TwoCents" folder in "TwoCentsWidgetExtension" target */,
			);
			path = TwoCents;
			sourceTree = "<group>";
		};
		ABF6A6962D7D34C00076DDD6 /* Share */ = {
			isa = PBXFileSystemSynchronizedRootGroup;
			exceptions = (
				ABF6A6A32D7D34C00076DDD6 /* Exceptions for "Share" folder in "Share" target */,
			);
			path = Share;
			sourceTree = "<group>";
		};
/* End PBXFileSystemSynchronizedRootGroup section */

/* Begin PBXFrameworksBuildPhase section */
		851F24892D6E8C9500A08134 /* Frameworks */ = {
			isa = PBXFrameworksBuildPhase;
			buildActionMask = 2147483647;
			files = (
				851F24912D6E8C9500A08134 /* SwiftUI.framework in Frameworks */,
				85CF0BC42D7E29D700609032 /* FirebaseAuth in Frameworks */,
				85CF0BC62D7E29DC00609032 /* FirebaseCore in Frameworks */,
				851F248F2D6E8C9500A08134 /* WidgetKit.framework in Frameworks */,
			);
			runOnlyForDeploymentPostprocessing = 0;
		};
		A2E84B352D6D2C15007B44F7 /* Frameworks */ = {
			isa = PBXFrameworksBuildPhase;
			buildActionMask = 2147483647;
			files = (
				A2E409482D6F8BC700E26D73 /* FirebaseCore in Frameworks */,
				A2E409462D6F8B8A00E26D73 /* FirebaseAuth in Frameworks */,
				ABF6A6AC2D7E03D40076DDD6 /* TOCropViewController in Frameworks */,
				ABF6A6AA2D7E03D40076DDD6 /* CropViewController in Frameworks */,
			);
			runOnlyForDeploymentPostprocessing = 0;
		};
		A2E84B452D6D2C18007B44F7 /* Frameworks */ = {
			isa = PBXFrameworksBuildPhase;
			buildActionMask = 2147483647;
			files = (
			);
			runOnlyForDeploymentPostprocessing = 0;
		};
		A2E84B4F2D6D2C18007B44F7 /* Frameworks */ = {
			isa = PBXFrameworksBuildPhase;
			buildActionMask = 2147483647;
			files = (
			);
			runOnlyForDeploymentPostprocessing = 0;
		};
		ABF6A6922D7D34C00076DDD6 /* Frameworks */ = {
			isa = PBXFrameworksBuildPhase;
			buildActionMask = 2147483647;
			files = (
			);
			runOnlyForDeploymentPostprocessing = 0;
		};
/* End PBXFrameworksBuildPhase section */

/* Begin PBXGroup section */
		851F248D2D6E8C9500A08134 /* Frameworks */ = {
			isa = PBXGroup;
			children = (
				851F248E2D6E8C9500A08134 /* WidgetKit.framework */,
				851F24902D6E8C9500A08134 /* SwiftUI.framework */,
			);
			name = Frameworks;
			sourceTree = "<group>";
		};
		855E2EC22D6D419900D79068 /* Products */ = {
			isa = PBXGroup;
			name = Products;
			sourceTree = "<group>";
		};
		857AC95B2D6D2D4500F58F09 /* Products */ = {
			isa = PBXGroup;
			name = Products;
			sourceTree = "<group>";
		};
		A2E84B2F2D6D2C15007B44F7 = {
			isa = PBXGroup;
			children = (
				A2E84B7A2D6D2CEF007B44F7 /* TwoCents */,
				A2E84B4B2D6D2C18007B44F7 /* TwoCentsTests */,
				A2E84B552D6D2C18007B44F7 /* TwoCentsUITests */,
				851F24922D6E8C9500A08134 /* TwoCentsWidget */,
				ABF6A6962D7D34C00076DDD6 /* Share */,
				851F248D2D6E8C9500A08134 /* Frameworks */,
				A2E84B392D6D2C15007B44F7 /* Products */,
			);
			sourceTree = "<group>";
		};
		A2E84B392D6D2C15007B44F7 /* Products */ = {
			isa = PBXGroup;
			children = (
				A2E84B382D6D2C15007B44F7 /* TwoCents.app */,
				A2E84B482D6D2C18007B44F7 /* TwoCentsTests.xctest */,
				A2E84B522D6D2C18007B44F7 /* TwoCentsUITests.xctest */,
				851F248C2D6E8C9500A08134 /* TwoCentsWidgetExtension.appex */,
				ABF6A6952D7D34C00076DDD6 /* Share.appex */,
			);
			name = Products;
			sourceTree = "<group>";
		};
/* End PBXGroup section */

/* Begin PBXNativeTarget section */
		851F248B2D6E8C9500A08134 /* TwoCentsWidgetExtension */ = {
			isa = PBXNativeTarget;
			buildConfigurationList = 851F24A42D6E8C9600A08134 /* Build configuration list for PBXNativeTarget "TwoCentsWidgetExtension" */;
			buildPhases = (
				851F24882D6E8C9500A08134 /* Sources */,
				851F24892D6E8C9500A08134 /* Frameworks */,
				851F248A2D6E8C9500A08134 /* Resources */,
			);
			buildRules = (
			);
			dependencies = (
			);
			fileSystemSynchronizedGroups = (
				851F24922D6E8C9500A08134 /* TwoCentsWidget */,
			);
			name = TwoCentsWidgetExtension;
			packageProductDependencies = (
				85CF0BC32D7E29D700609032 /* FirebaseAuth */,
				85CF0BC52D7E29DC00609032 /* FirebaseCore */,
			);
			productName = TwoCentsWidgetExtension;
			productReference = 851F248C2D6E8C9500A08134 /* TwoCentsWidgetExtension.appex */;
			productType = "com.apple.product-type.app-extension";
		};
		A2E84B372D6D2C15007B44F7 /* TwoCents */ = {
			isa = PBXNativeTarget;
			buildConfigurationList = A2E84B5C2D6D2C18007B44F7 /* Build configuration list for PBXNativeTarget "TwoCents" */;
			buildPhases = (
				A2E84B342D6D2C15007B44F7 /* Sources */,
				A2E84B352D6D2C15007B44F7 /* Frameworks */,
				A2E84B362D6D2C15007B44F7 /* Resources */,
				851F24A72D6E8C9600A08134 /* Embed Foundation Extensions */,
			);
			buildRules = (
			);
			dependencies = (
				851F24A12D6E8C9600A08134 /* PBXTargetDependency */,
				ABF6A69E2D7D34C00076DDD6 /* PBXTargetDependency */,
			);
			fileSystemSynchronizedGroups = (
				A2E84B7A2D6D2CEF007B44F7 /* TwoCents */,
			);
			name = TwoCents;
			packageProductDependencies = (
				A2E409452D6F8B8A00E26D73 /* FirebaseAuth */,
				A2E409472D6F8BC700E26D73 /* FirebaseCore */,
				ABF6A6A92D7E03D40076DDD6 /* CropViewController */,
				ABF6A6AB2D7E03D40076DDD6 /* TOCropViewController */,
			);
			productName = TwoCents;
			productReference = A2E84B382D6D2C15007B44F7 /* TwoCents.app */;
			productType = "com.apple.product-type.application";
		};
		A2E84B472D6D2C18007B44F7 /* TwoCentsTests */ = {
			isa = PBXNativeTarget;
			buildConfigurationList = A2E84B5F2D6D2C18007B44F7 /* Build configuration list for PBXNativeTarget "TwoCentsTests" */;
			buildPhases = (
				A2E84B442D6D2C18007B44F7 /* Sources */,
				A2E84B452D6D2C18007B44F7 /* Frameworks */,
				A2E84B462D6D2C18007B44F7 /* Resources */,
			);
			buildRules = (
			);
			dependencies = (
				A2E84B4A2D6D2C18007B44F7 /* PBXTargetDependency */,
			);
			fileSystemSynchronizedGroups = (
				A2E84B4B2D6D2C18007B44F7 /* TwoCentsTests */,
			);
			name = TwoCentsTests;
			packageProductDependencies = (
			);
			productName = TwoCentsTests;
			productReference = A2E84B482D6D2C18007B44F7 /* TwoCentsTests.xctest */;
			productType = "com.apple.product-type.bundle.unit-test";
		};
		A2E84B512D6D2C18007B44F7 /* TwoCentsUITests */ = {
			isa = PBXNativeTarget;
			buildConfigurationList = A2E84B622D6D2C18007B44F7 /* Build configuration list for PBXNativeTarget "TwoCentsUITests" */;
			buildPhases = (
				A2E84B4E2D6D2C18007B44F7 /* Sources */,
				A2E84B4F2D6D2C18007B44F7 /* Frameworks */,
				A2E84B502D6D2C18007B44F7 /* Resources */,
			);
			buildRules = (
			);
			dependencies = (
				A2E84B542D6D2C18007B44F7 /* PBXTargetDependency */,
			);
			fileSystemSynchronizedGroups = (
				A2E84B552D6D2C18007B44F7 /* TwoCentsUITests */,
			);
			name = TwoCentsUITests;
			packageProductDependencies = (
			);
			productName = TwoCentsUITests;
			productReference = A2E84B522D6D2C18007B44F7 /* TwoCentsUITests.xctest */;
			productType = "com.apple.product-type.bundle.ui-testing";
		};
		ABF6A6942D7D34C00076DDD6 /* Share */ = {
			isa = PBXNativeTarget;
			buildConfigurationList = ABF6A6A22D7D34C00076DDD6 /* Build configuration list for PBXNativeTarget "Share" */;
			buildPhases = (
				ABF6A6912D7D34C00076DDD6 /* Sources */,
				ABF6A6922D7D34C00076DDD6 /* Frameworks */,
				ABF6A6932D7D34C00076DDD6 /* Resources */,
			);
			buildRules = (
			);
			dependencies = (
			);
			fileSystemSynchronizedGroups = (
				ABF6A6962D7D34C00076DDD6 /* Share */,
			);
			name = Share;
			packageProductDependencies = (
			);
			productName = Share;
			productReference = ABF6A6952D7D34C00076DDD6 /* Share.appex */;
			productType = "com.apple.product-type.app-extension";
		};
/* End PBXNativeTarget section */

/* Begin PBXProject section */
		A2E84B302D6D2C15007B44F7 /* Project object */ = {
			isa = PBXProject;
			attributes = {
				BuildIndependentTargetsInParallel = 1;
				LastSwiftUpdateCheck = 1620;
				LastUpgradeCheck = 1610;
				TargetAttributes = {
					851F248B2D6E8C9500A08134 = {
						CreatedOnToolsVersion = 16.2;
					};
					A2E84B372D6D2C15007B44F7 = {
						CreatedOnToolsVersion = 16.1;
					};
					A2E84B472D6D2C18007B44F7 = {
						CreatedOnToolsVersion = 16.1;
						TestTargetID = A2E84B372D6D2C15007B44F7;
					};
					A2E84B512D6D2C18007B44F7 = {
						CreatedOnToolsVersion = 16.1;
						TestTargetID = A2E84B372D6D2C15007B44F7;
					};
					ABF6A6942D7D34C00076DDD6 = {
						CreatedOnToolsVersion = 16.2;
					};
				};
			};
			buildConfigurationList = A2E84B332D6D2C15007B44F7 /* Build configuration list for PBXProject "TwoCents" */;
			developmentRegion = en;
			hasScannedForEncodings = 0;
			knownRegions = (
				en,
				Base,
			);
			mainGroup = A2E84B2F2D6D2C15007B44F7;
			minimizedProjectReferenceProxies = 1;
			packageReferences = (
				A2E409442D6F8B8A00E26D73 /* XCRemoteSwiftPackageReference "firebase-ios-sdk" */,
				ABF6A6A82D7E03B90076DDD6 /* XCRemoteSwiftPackageReference "TOCropViewController" */,
			);
			preferredProjectObjectVersion = 77;
			productRefGroup = A2E84B392D6D2C15007B44F7 /* Products */;
			projectDirPath = "";
			projectReferences = (
				{
					ProductGroup = 855E2EC22D6D419900D79068 /* Products */;
					ProjectRef = 855E2EC02D6D419900D79068 /* TwoCents.xcodeproj */;
				},
				{
					ProductGroup = 857AC95B2D6D2D4500F58F09 /* Products */;
					ProjectRef = 857AC9592D6D2D4500F58F09 /* TwoCents.xcodeproj */;
				},
			);
			projectRoot = "";
			targets = (
				A2E84B372D6D2C15007B44F7 /* TwoCents */,
				A2E84B472D6D2C18007B44F7 /* TwoCentsTests */,
				A2E84B512D6D2C18007B44F7 /* TwoCentsUITests */,
				851F248B2D6E8C9500A08134 /* TwoCentsWidgetExtension */,
				ABF6A6942D7D34C00076DDD6 /* Share */,
			);
		};
/* End PBXProject section */

/* Begin PBXResourcesBuildPhase section */
		851F248A2D6E8C9500A08134 /* Resources */ = {
			isa = PBXResourcesBuildPhase;
			buildActionMask = 2147483647;
			files = (
			);
			runOnlyForDeploymentPostprocessing = 0;
		};
		A2E84B362D6D2C15007B44F7 /* Resources */ = {
			isa = PBXResourcesBuildPhase;
			buildActionMask = 2147483647;
			files = (
			);
			runOnlyForDeploymentPostprocessing = 0;
		};
		A2E84B462D6D2C18007B44F7 /* Resources */ = {
			isa = PBXResourcesBuildPhase;
			buildActionMask = 2147483647;
			files = (
			);
			runOnlyForDeploymentPostprocessing = 0;
		};
		A2E84B502D6D2C18007B44F7 /* Resources */ = {
			isa = PBXResourcesBuildPhase;
			buildActionMask = 2147483647;
			files = (
			);
			runOnlyForDeploymentPostprocessing = 0;
		};
		ABF6A6932D7D34C00076DDD6 /* Resources */ = {
			isa = PBXResourcesBuildPhase;
			buildActionMask = 2147483647;
			files = (
			);
			runOnlyForDeploymentPostprocessing = 0;
		};
/* End PBXResourcesBuildPhase section */

/* Begin PBXSourcesBuildPhase section */
		851F24882D6E8C9500A08134 /* Sources */ = {
			isa = PBXSourcesBuildPhase;
			buildActionMask = 2147483647;
			files = (
			);
			runOnlyForDeploymentPostprocessing = 0;
		};
		A2E84B342D6D2C15007B44F7 /* Sources */ = {
			isa = PBXSourcesBuildPhase;
			buildActionMask = 2147483647;
			files = (
			);
			runOnlyForDeploymentPostprocessing = 0;
		};
		A2E84B442D6D2C18007B44F7 /* Sources */ = {
			isa = PBXSourcesBuildPhase;
			buildActionMask = 2147483647;
			files = (
			);
			runOnlyForDeploymentPostprocessing = 0;
		};
		A2E84B4E2D6D2C18007B44F7 /* Sources */ = {
			isa = PBXSourcesBuildPhase;
			buildActionMask = 2147483647;
			files = (
			);
			runOnlyForDeploymentPostprocessing = 0;
		};
		ABF6A6912D7D34C00076DDD6 /* Sources */ = {
			isa = PBXSourcesBuildPhase;
			buildActionMask = 2147483647;
			files = (
			);
			runOnlyForDeploymentPostprocessing = 0;
		};
/* End PBXSourcesBuildPhase section */

/* Begin PBXTargetDependency section */
		851F24A12D6E8C9600A08134 /* PBXTargetDependency */ = {
			isa = PBXTargetDependency;
			target = 851F248B2D6E8C9500A08134 /* TwoCentsWidgetExtension */;
			targetProxy = 851F24A02D6E8C9600A08134 /* PBXContainerItemProxy */;
		};
		A2E84B4A2D6D2C18007B44F7 /* PBXTargetDependency */ = {
			isa = PBXTargetDependency;
			target = A2E84B372D6D2C15007B44F7 /* TwoCents */;
			targetProxy = A2E84B492D6D2C18007B44F7 /* PBXContainerItemProxy */;
		};
		A2E84B542D6D2C18007B44F7 /* PBXTargetDependency */ = {
			isa = PBXTargetDependency;
			target = A2E84B372D6D2C15007B44F7 /* TwoCents */;
			targetProxy = A2E84B532D6D2C18007B44F7 /* PBXContainerItemProxy */;
		};
		ABF6A69E2D7D34C00076DDD6 /* PBXTargetDependency */ = {
			isa = PBXTargetDependency;
			target = ABF6A6942D7D34C00076DDD6 /* Share */;
			targetProxy = ABF6A69D2D7D34C00076DDD6 /* PBXContainerItemProxy */;
		};
/* End PBXTargetDependency section */

/* Begin XCBuildConfiguration section */
		851F24A52D6E8C9600A08134 /* Debug */ = {
			isa = XCBuildConfiguration;
			buildSettings = {
				ASSETCATALOG_COMPILER_GLOBAL_ACCENT_COLOR_NAME = AccentColor;
				ASSETCATALOG_COMPILER_WIDGET_BACKGROUND_COLOR_NAME = WidgetBackground;
				CODE_SIGN_STYLE = Automatic;
				CURRENT_PROJECT_VERSION = 1;
				DEVELOPMENT_TEAM = 857HQ99479;
				GENERATE_INFOPLIST_FILE = YES;
				INFOPLIST_FILE = TwoCentsWidget/Info.plist;
				INFOPLIST_KEY_CFBundleDisplayName = TwoCentsWidget;
				INFOPLIST_KEY_NSHumanReadableCopyright = "";
				IPHONEOS_DEPLOYMENT_TARGET = 18.1;
				LD_RUNPATH_SEARCH_PATHS = (
					"$(inherited)",
					"@executable_path/Frameworks",
					"@executable_path/../../Frameworks",
				);
				MARKETING_VERSION = 1.0;
				PRODUCT_BUNDLE_IDENTIFIER = TwoCents.TwoCents.TwoCentsWidget;
				PRODUCT_NAME = "$(TARGET_NAME)";
				SKIP_INSTALL = YES;
				SWIFT_EMIT_LOC_STRINGS = YES;
				SWIFT_VERSION = 5.0;
				TARGETED_DEVICE_FAMILY = "1,2";
			};
			name = Debug;
		};
		851F24A62D6E8C9600A08134 /* Release */ = {
			isa = XCBuildConfiguration;
			buildSettings = {
				ASSETCATALOG_COMPILER_GLOBAL_ACCENT_COLOR_NAME = AccentColor;
				ASSETCATALOG_COMPILER_WIDGET_BACKGROUND_COLOR_NAME = WidgetBackground;
				CODE_SIGN_STYLE = Automatic;
				CURRENT_PROJECT_VERSION = 1;
				DEVELOPMENT_TEAM = 857HQ99479;
				GENERATE_INFOPLIST_FILE = YES;
				INFOPLIST_FILE = TwoCentsWidget/Info.plist;
				INFOPLIST_KEY_CFBundleDisplayName = TwoCentsWidget;
				INFOPLIST_KEY_NSHumanReadableCopyright = "";
				IPHONEOS_DEPLOYMENT_TARGET = 18.1;
				LD_RUNPATH_SEARCH_PATHS = (
					"$(inherited)",
					"@executable_path/Frameworks",
					"@executable_path/../../Frameworks",
				);
				MARKETING_VERSION = 1.0;
				PRODUCT_BUNDLE_IDENTIFIER = TwoCents.TwoCents.TwoCentsWidget;
				PRODUCT_NAME = "$(TARGET_NAME)";
				SKIP_INSTALL = YES;
				SWIFT_EMIT_LOC_STRINGS = YES;
				SWIFT_VERSION = 5.0;
				TARGETED_DEVICE_FAMILY = "1,2";
			};
			name = Release;
		};
		A2E84B5A2D6D2C18007B44F7 /* Debug */ = {
			isa = XCBuildConfiguration;
			buildSettings = {
				ALWAYS_SEARCH_USER_PATHS = NO;
				ASSETCATALOG_COMPILER_GENERATE_SWIFT_ASSET_SYMBOL_EXTENSIONS = YES;
				CLANG_ANALYZER_NONNULL = YES;
				CLANG_ANALYZER_NUMBER_OBJECT_CONVERSION = YES_AGGRESSIVE;
				CLANG_CXX_LANGUAGE_STANDARD = "gnu++20";
				CLANG_ENABLE_MODULES = YES;
				CLANG_ENABLE_OBJC_ARC = YES;
				CLANG_ENABLE_OBJC_WEAK = YES;
				CLANG_WARN_BLOCK_CAPTURE_AUTORELEASING = YES;
				CLANG_WARN_BOOL_CONVERSION = YES;
				CLANG_WARN_COMMA = YES;
				CLANG_WARN_CONSTANT_CONVERSION = YES;
				CLANG_WARN_DEPRECATED_OBJC_IMPLEMENTATIONS = YES;
				CLANG_WARN_DIRECT_OBJC_ISA_USAGE = YES_ERROR;
				CLANG_WARN_DOCUMENTATION_COMMENTS = YES;
				CLANG_WARN_EMPTY_BODY = YES;
				CLANG_WARN_ENUM_CONVERSION = YES;
				CLANG_WARN_INFINITE_RECURSION = YES;
				CLANG_WARN_INT_CONVERSION = YES;
				CLANG_WARN_NON_LITERAL_NULL_CONVERSION = YES;
				CLANG_WARN_OBJC_IMPLICIT_RETAIN_SELF = YES;
				CLANG_WARN_OBJC_LITERAL_CONVERSION = YES;
				CLANG_WARN_OBJC_ROOT_CLASS = YES_ERROR;
				CLANG_WARN_QUOTED_INCLUDE_IN_FRAMEWORK_HEADER = YES;
				CLANG_WARN_RANGE_LOOP_ANALYSIS = YES;
				CLANG_WARN_STRICT_PROTOTYPES = YES;
				CLANG_WARN_SUSPICIOUS_MOVE = YES;
				CLANG_WARN_UNGUARDED_AVAILABILITY = YES_AGGRESSIVE;
				CLANG_WARN_UNREACHABLE_CODE = YES;
				CLANG_WARN__DUPLICATE_METHOD_MATCH = YES;
				COPY_PHASE_STRIP = NO;
				DEBUG_INFORMATION_FORMAT = dwarf;
				ENABLE_STRICT_OBJC_MSGSEND = YES;
				ENABLE_TESTABILITY = YES;
				ENABLE_USER_SCRIPT_SANDBOXING = YES;
				GCC_C_LANGUAGE_STANDARD = gnu17;
				GCC_DYNAMIC_NO_PIC = NO;
				GCC_NO_COMMON_BLOCKS = YES;
				GCC_OPTIMIZATION_LEVEL = 0;
				GCC_PREPROCESSOR_DEFINITIONS = (
					"DEBUG=1",
					"$(inherited)",
				);
				GCC_WARN_64_TO_32_BIT_CONVERSION = YES;
				GCC_WARN_ABOUT_RETURN_TYPE = YES_ERROR;
				GCC_WARN_UNDECLARED_SELECTOR = YES;
				GCC_WARN_UNINITIALIZED_AUTOS = YES_AGGRESSIVE;
				GCC_WARN_UNUSED_FUNCTION = YES;
				GCC_WARN_UNUSED_VARIABLE = YES;
				IPHONEOS_DEPLOYMENT_TARGET = 18.1;
				LOCALIZATION_PREFERS_STRING_CATALOGS = YES;
				MTL_ENABLE_DEBUG_INFO = INCLUDE_SOURCE;
				MTL_FAST_MATH = YES;
				ONLY_ACTIVE_ARCH = YES;
				SDKROOT = iphoneos;
				SWIFT_ACTIVE_COMPILATION_CONDITIONS = "DEBUG $(inherited)";
				SWIFT_OPTIMIZATION_LEVEL = "-Onone";
			};
			name = Debug;
		};
		A2E84B5B2D6D2C18007B44F7 /* Release */ = {
			isa = XCBuildConfiguration;
			buildSettings = {
				ALWAYS_SEARCH_USER_PATHS = NO;
				ASSETCATALOG_COMPILER_GENERATE_SWIFT_ASSET_SYMBOL_EXTENSIONS = YES;
				CLANG_ANALYZER_NONNULL = YES;
				CLANG_ANALYZER_NUMBER_OBJECT_CONVERSION = YES_AGGRESSIVE;
				CLANG_CXX_LANGUAGE_STANDARD = "gnu++20";
				CLANG_ENABLE_MODULES = YES;
				CLANG_ENABLE_OBJC_ARC = YES;
				CLANG_ENABLE_OBJC_WEAK = YES;
				CLANG_WARN_BLOCK_CAPTURE_AUTORELEASING = YES;
				CLANG_WARN_BOOL_CONVERSION = YES;
				CLANG_WARN_COMMA = YES;
				CLANG_WARN_CONSTANT_CONVERSION = YES;
				CLANG_WARN_DEPRECATED_OBJC_IMPLEMENTATIONS = YES;
				CLANG_WARN_DIRECT_OBJC_ISA_USAGE = YES_ERROR;
				CLANG_WARN_DOCUMENTATION_COMMENTS = YES;
				CLANG_WARN_EMPTY_BODY = YES;
				CLANG_WARN_ENUM_CONVERSION = YES;
				CLANG_WARN_INFINITE_RECURSION = YES;
				CLANG_WARN_INT_CONVERSION = YES;
				CLANG_WARN_NON_LITERAL_NULL_CONVERSION = YES;
				CLANG_WARN_OBJC_IMPLICIT_RETAIN_SELF = YES;
				CLANG_WARN_OBJC_LITERAL_CONVERSION = YES;
				CLANG_WARN_OBJC_ROOT_CLASS = YES_ERROR;
				CLANG_WARN_QUOTED_INCLUDE_IN_FRAMEWORK_HEADER = YES;
				CLANG_WARN_RANGE_LOOP_ANALYSIS = YES;
				CLANG_WARN_STRICT_PROTOTYPES = YES;
				CLANG_WARN_SUSPICIOUS_MOVE = YES;
				CLANG_WARN_UNGUARDED_AVAILABILITY = YES_AGGRESSIVE;
				CLANG_WARN_UNREACHABLE_CODE = YES;
				CLANG_WARN__DUPLICATE_METHOD_MATCH = YES;
				COPY_PHASE_STRIP = NO;
				DEBUG_INFORMATION_FORMAT = "dwarf-with-dsym";
				ENABLE_NS_ASSERTIONS = NO;
				ENABLE_STRICT_OBJC_MSGSEND = YES;
				ENABLE_USER_SCRIPT_SANDBOXING = YES;
				GCC_C_LANGUAGE_STANDARD = gnu17;
				GCC_NO_COMMON_BLOCKS = YES;
				GCC_WARN_64_TO_32_BIT_CONVERSION = YES;
				GCC_WARN_ABOUT_RETURN_TYPE = YES_ERROR;
				GCC_WARN_UNDECLARED_SELECTOR = YES;
				GCC_WARN_UNINITIALIZED_AUTOS = YES_AGGRESSIVE;
				GCC_WARN_UNUSED_FUNCTION = YES;
				GCC_WARN_UNUSED_VARIABLE = YES;
				IPHONEOS_DEPLOYMENT_TARGET = 18.1;
				LOCALIZATION_PREFERS_STRING_CATALOGS = YES;
				MTL_ENABLE_DEBUG_INFO = NO;
				MTL_FAST_MATH = YES;
				SDKROOT = iphoneos;
				SWIFT_COMPILATION_MODE = wholemodule;
				VALIDATE_PRODUCT = YES;
			};
			name = Release;
		};
		A2E84B5D2D6D2C18007B44F7 /* Debug */ = {
			isa = XCBuildConfiguration;
			buildSettings = {
				ASSETCATALOG_COMPILER_APPICON_NAME = AppIcon;
				ASSETCATALOG_COMPILER_GLOBAL_ACCENT_COLOR_NAME = AccentColor;
				CODE_SIGN_ENTITLEMENTS = TwoCents/TwoCents.entitlements;
				CODE_SIGN_STYLE = Automatic;
				CURRENT_PROJECT_VERSION = 1;
				DEVELOPMENT_ASSET_PATHS = "";
				DEVELOPMENT_TEAM = 857HQ99479;
				ENABLE_PREVIEWS = YES;
				GENERATE_INFOPLIST_FILE = YES;
				INFOPLIST_FILE = TwoCents/Info.plist;
				INFOPLIST_KEY_CFBundleDisplayName = TwoCents;
				INFOPLIST_KEY_LSApplicationCategoryType = "public.app-category.social-networking";
				INFOPLIST_KEY_NSCameraUsageDescription = "Your friends would love to see you";
				INFOPLIST_KEY_NSMicrophoneUsageDescription = "Your friends want to hear your voice";
				INFOPLIST_KEY_UIApplicationSceneManifest_Generation = YES;
				INFOPLIST_KEY_UIApplicationSupportsIndirectInputEvents = YES;
				INFOPLIST_KEY_UILaunchScreen_Generation = YES;
				INFOPLIST_KEY_UISupportedInterfaceOrientations_iPad = "UIInterfaceOrientationPortrait UIInterfaceOrientationPortraitUpsideDown UIInterfaceOrientationLandscapeLeft UIInterfaceOrientationLandscapeRight";
				INFOPLIST_KEY_UISupportedInterfaceOrientations_iPhone = "UIInterfaceOrientationPortrait UIInterfaceOrientationLandscapeLeft UIInterfaceOrientationLandscapeRight";
				LD_RUNPATH_SEARCH_PATHS = (
					"$(inherited)",
					"@executable_path/Frameworks",
				);
				MARKETING_VERSION = 1.0;
				PRODUCT_BUNDLE_IDENTIFIER = TwoCents.TwoCents;
				PRODUCT_NAME = "$(TARGET_NAME)";
				SWIFT_EMIT_LOC_STRINGS = YES;
				SWIFT_VERSION = 5.0;
				TARGETED_DEVICE_FAMILY = "1,2";
			};
			name = Debug;
		};
		A2E84B5E2D6D2C18007B44F7 /* Release */ = {
			isa = XCBuildConfiguration;
			buildSettings = {
				ASSETCATALOG_COMPILER_APPICON_NAME = AppIcon;
				ASSETCATALOG_COMPILER_GLOBAL_ACCENT_COLOR_NAME = AccentColor;
				CODE_SIGN_ENTITLEMENTS = TwoCents/TwoCents.entitlements;
				CODE_SIGN_STYLE = Automatic;
				CURRENT_PROJECT_VERSION = 1;
				DEVELOPMENT_ASSET_PATHS = "";
				DEVELOPMENT_TEAM = 857HQ99479;
				ENABLE_PREVIEWS = YES;
				GENERATE_INFOPLIST_FILE = YES;
				INFOPLIST_FILE = TwoCents/Info.plist;
				INFOPLIST_KEY_CFBundleDisplayName = TwoCents;
				INFOPLIST_KEY_LSApplicationCategoryType = "public.app-category.social-networking";
				INFOPLIST_KEY_NSCameraUsageDescription = "Your friends would love to see you";
				INFOPLIST_KEY_NSMicrophoneUsageDescription = "Your friends want to hear your voice";
				INFOPLIST_KEY_UIApplicationSceneManifest_Generation = YES;
				INFOPLIST_KEY_UIApplicationSupportsIndirectInputEvents = YES;
				INFOPLIST_KEY_UILaunchScreen_Generation = YES;
				INFOPLIST_KEY_UISupportedInterfaceOrientations_iPad = "UIInterfaceOrientationPortrait UIInterfaceOrientationPortraitUpsideDown UIInterfaceOrientationLandscapeLeft UIInterfaceOrientationLandscapeRight";
				INFOPLIST_KEY_UISupportedInterfaceOrientations_iPhone = "UIInterfaceOrientationPortrait UIInterfaceOrientationLandscapeLeft UIInterfaceOrientationLandscapeRight";
				LD_RUNPATH_SEARCH_PATHS = (
					"$(inherited)",
					"@executable_path/Frameworks",
				);
				MARKETING_VERSION = 1.0;
				PRODUCT_BUNDLE_IDENTIFIER = TwoCents.TwoCents;
				PRODUCT_NAME = "$(TARGET_NAME)";
				SWIFT_EMIT_LOC_STRINGS = YES;
				SWIFT_VERSION = 5.0;
				TARGETED_DEVICE_FAMILY = "1,2";
			};
			name = Release;
		};
		A2E84B602D6D2C18007B44F7 /* Debug */ = {
			isa = XCBuildConfiguration;
			buildSettings = {
				BUNDLE_LOADER = "$(TEST_HOST)";
				CODE_SIGN_STYLE = Automatic;
				CURRENT_PROJECT_VERSION = 1;
				GENERATE_INFOPLIST_FILE = YES;
				IPHONEOS_DEPLOYMENT_TARGET = 18.1;
				MARKETING_VERSION = 1.0;
				PRODUCT_BUNDLE_IDENTIFIER = TwoCents.TwoCentsTests;
				PRODUCT_NAME = "$(TARGET_NAME)";
				SWIFT_EMIT_LOC_STRINGS = NO;
				SWIFT_VERSION = 5.0;
				TARGETED_DEVICE_FAMILY = "1,2";
				TEST_HOST = "$(BUILT_PRODUCTS_DIR)/TwoCents.app/$(BUNDLE_EXECUTABLE_FOLDER_PATH)/TwoCents";
			};
			name = Debug;
		};
		A2E84B612D6D2C18007B44F7 /* Release */ = {
			isa = XCBuildConfiguration;
			buildSettings = {
				BUNDLE_LOADER = "$(TEST_HOST)";
				CODE_SIGN_STYLE = Automatic;
				CURRENT_PROJECT_VERSION = 1;
				GENERATE_INFOPLIST_FILE = YES;
				IPHONEOS_DEPLOYMENT_TARGET = 18.1;
				MARKETING_VERSION = 1.0;
				PRODUCT_BUNDLE_IDENTIFIER = TwoCents.TwoCentsTests;
				PRODUCT_NAME = "$(TARGET_NAME)";
				SWIFT_EMIT_LOC_STRINGS = NO;
				SWIFT_VERSION = 5.0;
				TARGETED_DEVICE_FAMILY = "1,2";
				TEST_HOST = "$(BUILT_PRODUCTS_DIR)/TwoCents.app/$(BUNDLE_EXECUTABLE_FOLDER_PATH)/TwoCents";
			};
			name = Release;
		};
		A2E84B632D6D2C18007B44F7 /* Debug */ = {
			isa = XCBuildConfiguration;
			buildSettings = {
				CODE_SIGN_STYLE = Automatic;
				CURRENT_PROJECT_VERSION = 1;
				GENERATE_INFOPLIST_FILE = YES;
				MARKETING_VERSION = 1.0;
				PRODUCT_BUNDLE_IDENTIFIER = TwoCents.TwoCentsUITests;
				PRODUCT_NAME = "$(TARGET_NAME)";
				SWIFT_EMIT_LOC_STRINGS = NO;
				SWIFT_VERSION = 5.0;
				TARGETED_DEVICE_FAMILY = "1,2";
				TEST_TARGET_NAME = TwoCents;
			};
			name = Debug;
		};
		A2E84B642D6D2C18007B44F7 /* Release */ = {
			isa = XCBuildConfiguration;
			buildSettings = {
				CODE_SIGN_STYLE = Automatic;
				CURRENT_PROJECT_VERSION = 1;
				GENERATE_INFOPLIST_FILE = YES;
				MARKETING_VERSION = 1.0;
				PRODUCT_BUNDLE_IDENTIFIER = TwoCents.TwoCentsUITests;
				PRODUCT_NAME = "$(TARGET_NAME)";
				SWIFT_EMIT_LOC_STRINGS = NO;
				SWIFT_VERSION = 5.0;
				TARGETED_DEVICE_FAMILY = "1,2";
				TEST_TARGET_NAME = TwoCents;
			};
			name = Release;
		};
		ABF6A6A02D7D34C00076DDD6 /* Debug */ = {
			isa = XCBuildConfiguration;
			buildSettings = {
				CODE_SIGN_STYLE = Automatic;
				CURRENT_PROJECT_VERSION = 1;
				DEVELOPMENT_TEAM = 857HQ99479;
				GENERATE_INFOPLIST_FILE = YES;
				INFOPLIST_FILE = Share/Info.plist;
				INFOPLIST_KEY_CFBundleDisplayName = Share;
				INFOPLIST_KEY_NSHumanReadableCopyright = "";
				IPHONEOS_DEPLOYMENT_TARGET = 18.2;
				LD_RUNPATH_SEARCH_PATHS = (
					"$(inherited)",
					"@executable_path/Frameworks",
					"@executable_path/../../Frameworks",
				);
				MARKETING_VERSION = 1.0;
				PRODUCT_BUNDLE_IDENTIFIER = TwoCents.TwoCents.Share;
				PRODUCT_NAME = "$(TARGET_NAME)";
				SKIP_INSTALL = YES;
				SWIFT_EMIT_LOC_STRINGS = YES;
				SWIFT_VERSION = 5.0;
				TARGETED_DEVICE_FAMILY = "1,2";
			};
			name = Debug;
		};
		ABF6A6A12D7D34C00076DDD6 /* Release */ = {
			isa = XCBuildConfiguration;
			buildSettings = {
				CODE_SIGN_STYLE = Automatic;
				CURRENT_PROJECT_VERSION = 1;
				DEVELOPMENT_TEAM = 857HQ99479;
				GENERATE_INFOPLIST_FILE = YES;
				INFOPLIST_FILE = Share/Info.plist;
				INFOPLIST_KEY_CFBundleDisplayName = Share;
				INFOPLIST_KEY_NSHumanReadableCopyright = "";
				IPHONEOS_DEPLOYMENT_TARGET = 18.2;
				LD_RUNPATH_SEARCH_PATHS = (
					"$(inherited)",
					"@executable_path/Frameworks",
					"@executable_path/../../Frameworks",
				);
				MARKETING_VERSION = 1.0;
				PRODUCT_BUNDLE_IDENTIFIER = TwoCents.TwoCents.Share;
				PRODUCT_NAME = "$(TARGET_NAME)";
				SKIP_INSTALL = YES;
				SWIFT_EMIT_LOC_STRINGS = YES;
				SWIFT_VERSION = 5.0;
				TARGETED_DEVICE_FAMILY = "1,2";
			};
			name = Release;
		};
/* End XCBuildConfiguration section */

/* Begin XCConfigurationList section */
		851F24A42D6E8C9600A08134 /* Build configuration list for PBXNativeTarget "TwoCentsWidgetExtension" */ = {
			isa = XCConfigurationList;
			buildConfigurations = (
				851F24A52D6E8C9600A08134 /* Debug */,
				851F24A62D6E8C9600A08134 /* Release */,
			);
			defaultConfigurationIsVisible = 0;
			defaultConfigurationName = Release;
		};
		A2E84B332D6D2C15007B44F7 /* Build configuration list for PBXProject "TwoCents" */ = {
			isa = XCConfigurationList;
			buildConfigurations = (
				A2E84B5A2D6D2C18007B44F7 /* Debug */,
				A2E84B5B2D6D2C18007B44F7 /* Release */,
			);
			defaultConfigurationIsVisible = 0;
			defaultConfigurationName = Release;
		};
		A2E84B5C2D6D2C18007B44F7 /* Build configuration list for PBXNativeTarget "TwoCents" */ = {
			isa = XCConfigurationList;
			buildConfigurations = (
				A2E84B5D2D6D2C18007B44F7 /* Debug */,
				A2E84B5E2D6D2C18007B44F7 /* Release */,
			);
			defaultConfigurationIsVisible = 0;
			defaultConfigurationName = Release;
		};
		A2E84B5F2D6D2C18007B44F7 /* Build configuration list for PBXNativeTarget "TwoCentsTests" */ = {
			isa = XCConfigurationList;
			buildConfigurations = (
				A2E84B602D6D2C18007B44F7 /* Debug */,
				A2E84B612D6D2C18007B44F7 /* Release */,
			);
			defaultConfigurationIsVisible = 0;
			defaultConfigurationName = Release;
		};
		A2E84B622D6D2C18007B44F7 /* Build configuration list for PBXNativeTarget "TwoCentsUITests" */ = {
			isa = XCConfigurationList;
			buildConfigurations = (
				A2E84B632D6D2C18007B44F7 /* Debug */,
				A2E84B642D6D2C18007B44F7 /* Release */,
			);
			defaultConfigurationIsVisible = 0;
			defaultConfigurationName = Release;
		};
		ABF6A6A22D7D34C00076DDD6 /* Build configuration list for PBXNativeTarget "Share" */ = {
			isa = XCConfigurationList;
			buildConfigurations = (
				ABF6A6A02D7D34C00076DDD6 /* Debug */,
				ABF6A6A12D7D34C00076DDD6 /* Release */,
			);
			defaultConfigurationIsVisible = 0;
			defaultConfigurationName = Release;
		};
/* End XCConfigurationList section */

/* Begin XCRemoteSwiftPackageReference section */
		A2E409442D6F8B8A00E26D73 /* XCRemoteSwiftPackageReference "firebase-ios-sdk" */ = {
			isa = XCRemoteSwiftPackageReference;
			repositoryURL = "https://github.com/firebase/firebase-ios-sdk.git";
			requirement = {
				kind = upToNextMajorVersion;
				minimumVersion = 11.9.0;
			};
		};
		ABF6A6A82D7E03B90076DDD6 /* XCRemoteSwiftPackageReference "TOCropViewController" */ = {
			isa = XCRemoteSwiftPackageReference;
			repositoryURL = "https://github.com/TimOliver/TOCropViewController.git";
			requirement = {
				kind = upToNextMajorVersion;
				minimumVersion = 2.7.4;
			};
		};
/* End XCRemoteSwiftPackageReference section */

/* Begin XCSwiftPackageProductDependency section */
		85CF0BC32D7E29D700609032 /* FirebaseAuth */ = {
			isa = XCSwiftPackageProductDependency;
			package = A2E409442D6F8B8A00E26D73 /* XCRemoteSwiftPackageReference "firebase-ios-sdk" */;
			productName = FirebaseAuth;
		};
		85CF0BC52D7E29DC00609032 /* FirebaseCore */ = {
			isa = XCSwiftPackageProductDependency;
			package = A2E409442D6F8B8A00E26D73 /* XCRemoteSwiftPackageReference "firebase-ios-sdk" */;
			productName = FirebaseCore;
		};
		A2E409452D6F8B8A00E26D73 /* FirebaseAuth */ = {
			isa = XCSwiftPackageProductDependency;
			package = A2E409442D6F8B8A00E26D73 /* XCRemoteSwiftPackageReference "firebase-ios-sdk" */;
			productName = FirebaseAuth;
		};
		A2E409472D6F8BC700E26D73 /* FirebaseCore */ = {
			isa = XCSwiftPackageProductDependency;
			package = A2E409442D6F8B8A00E26D73 /* XCRemoteSwiftPackageReference "firebase-ios-sdk" */;
			productName = FirebaseCore;
		};
		ABF6A6A92D7E03D40076DDD6 /* CropViewController */ = {
			isa = XCSwiftPackageProductDependency;
			package = ABF6A6A82D7E03B90076DDD6 /* XCRemoteSwiftPackageReference "TOCropViewController" */;
			productName = CropViewController;
		};
		ABF6A6AB2D7E03D40076DDD6 /* TOCropViewController */ = {
			isa = XCSwiftPackageProductDependency;
			package = ABF6A6A82D7E03B90076DDD6 /* XCRemoteSwiftPackageReference "TOCropViewController" */;
			productName = TOCropViewController;
		};
/* End XCSwiftPackageProductDependency section */
	};
	rootObject = A2E84B302D6D2C15007B44F7 /* Project object */;
}
